
Microsoft Visual Studio Solution File, Format Version 12.00
# Visual Studio 2012
Project("{FAE04EC0-301F-11D3-BF4B-00C04F79EFBC}") = "SampleSQLiteApp", "SampleSQLiteApp\SampleSQLiteApp.csproj", "{53731270-4DD8-439F-96D7-0DAAC913BBF9}"
EndProject
Project("{FAE04EC0-301F-11D3-BF4B-00C04F79EFBC}") = "SampleSQLiteApp.iOS", "iOS\SampleSQLiteApp.iOS.csproj", "{616ED9A0-CFB4-40B4-9F31-006888A77CE8}"
EndProject
Project("{FAE04EC0-301F-11D3-BF4B-00C04F79EFBC}") = "SampleSQLiteApp.Droid", "Droid\SampleSQLiteApp.Droid.csproj", "{93D214EC-70A5-4E4B-B336-B01B87F15079}"
EndProject
Global
	GlobalSection(SolutionConfigurationPlatforms) = preSolution
		Debug|Any CPU = Debug|Any CPU
		Release|Any CPU = Release|Any CPU
		Debug|iPhoneSimulator = Debug|iPhoneSimulator
		Release|iPhone = Release|iPhone
		Release|iPhoneSimulator = Release|iPhoneSimulator
		Debug|iPhone = Debug|iPhone
	EndGlobalSection
	GlobalSection(ProjectConfigurationPlatforms) = postSolution
		{53731270-4DD8-439F-96D7-0DAAC913BBF9}.Debug|Any CPU.ActiveCfg = Debug|Any CPU
		{53731270-4DD8-439F-96D7-0DAAC913BBF9}.Debug|Any CPU.Build.0 = Debug|Any CPU
		{53731270-4DD8-439F-96D7-0DAAC913BBF9}.Release|Any CPU.ActiveCfg = Release|Any CPU
		{53731270-4DD8-439F-96D7-0DAAC913BBF9}.Release|Any CPU.Build.0 = Release|Any CPU
		{53731270-4DD8-439F-96D7-0DAAC913BBF9}.Debug|iPhoneSimulator.ActiveCfg = Debug|Any CPU
		{53731270-4DD8-439F-96D7-0DAAC913BBF9}.Debug|iPhoneSimulator.Build.0 = Debug|Any CPU
		{53731270-4DD8-439F-96D7-0DAAC913BBF9}.Release|iPhone.ActiveCfg = Release|Any CPU
		{53731270-4DD8-439F-96D7-0DAAC913BBF9}.Release|iPhone.Build.0 = Release|Any CPU
		{53731270-4DD8-439F-96D7-0DAAC913BBF9}.Release|iPhoneSimulator.ActiveCfg = Release|Any CPU
		{53731270-4DD8-439F-96D7-0DAAC913BBF9}.Release|iPhoneSimulator.Build.0 = Release|Any CPU
		{53731270-4DD8-439F-96D7-0DAAC913BBF9}.Debug|iPhone.ActiveCfg = Debug|Any CPU
		{53731270-4DD8-439F-96D7-0DAAC913BBF9}.Debug|iPhone.Build.0 = Debug|Any CPU
		{616ED9A0-CFB4-40B4-9F31-006888A77CE8}.Debug|Any CPU.ActiveCfg = Debug|iPhoneSimulator
		{616ED9A0-CFB4-40B4-9F31-006888A77CE8}.Debug|Any CPU.Build.0 = Debug|iPhoneSimulator
		{616ED9A0-CFB4-40B4-9F31-006888A77CE8}.Release|Any CPU.ActiveCfg = Release|iPhone
		{616ED9A0-CFB4-40B4-9F31-006888A77CE8}.Release|Any CPU.Build.0 = Release|iPhone
		{616ED9A0-CFB4-40B4-9F31-006888A77CE8}.Debug|iPhoneSimulator.ActiveCfg = Debug|iPhoneSimulator
		{616ED9A0-CFB4-40B4-9F31-006888A77CE8}.Debug|iPhoneSimulator.Build.0 = Debug|iPhoneSimulator
		{616ED9A0-CFB4-40B4-9F31-006888A77CE8}.Release|iPhone.ActiveCfg = Release|iPhone
		{616ED9A0-CFB4-40B4-9F31-006888A77CE8}.Release|iPhone.Build.0 = Release|iPhone
		{616ED9A0-CFB4-40B4-9F31-006888A77CE8}.Release|iPhoneSimulator.ActiveCfg = Release|iPhoneSimulator
		{616ED9A0-CFB4-40B4-9F31-006888A77CE8}.Release|iPhoneSimulator.Build.0 = Release|iPhoneSimulator
		{616ED9A0-CFB4-40B4-9F31-006888A77CE8}.Debug|iPhone.ActiveCfg = Debug|iPhone
		{616ED9A0-CFB4-40B4-9F31-006888A77CE8}.Debug|iPhone.Build.0 = Debug|iPhone
		{93D214EC-70A5-4E4B-B336-B01B87F15079}.Debug|Any CPU.ActiveCfg = Debug|Any CPU
		{93D214EC-70A5-4E4B-B336-B01B87F15079}.Debug|Any CPU.Build.0 = Debug|Any CPU
		{93D214EC-70A5-4E4B-B336-B01B87F15079}.Release|Any CPU.ActiveCfg = Release|Any CPU
		{93D214EC-70A5-4E4B-B336-B01B87F15079}.Release|Any CPU.Build.0 = Release|Any CPU
		{93D214EC-70A5-4E4B-B336-B01B87F15079}.Debug|iPhoneSimulator.ActiveCfg = Debug|Any CPU
		{93D214EC-70A5-4E4B-B336-B01B87F15079}.Debug|iPhoneSimulator.Build.0 = Debug|Any CPU
		{93D214EC-70A5-4E4B-B336-B01B87F15079}.Release|iPhone.ActiveCfg = Release|Any CPU
		{93D214EC-70A5-4E4B-B336-B01B87F15079}.Release|iPhone.Build.0 = Release|Any CPU
		{93D214EC-70A5-4E4B-B336-B01B87F15079}.Release|iPhoneSimulator.ActiveCfg = Release|Any CPU
		{93D214EC-70A5-4E4B-B336-B01B87F15079}.Release|iPhoneSimulator.Build.0 = Release|Any CPU
		{93D214EC-70A5-4E4B-B336-B01B87F15079}.Debug|iPhone.ActiveCfg = Debug|Any CPU
		{93D214EC-70A5-4E4B-B336-B01B87F15079}.Debug|iPhone.Build.0 = Debug|Any CPU
	EndGlobalSection
EndGlobal
